
Microsoft Visual Studio Solution File, Format Version 12.00
# Visual Studio 15
VisualStudioVersion = 15.0.27004.2010
MinimumVisualStudioVersion = 10.0.40219.1
Project("{FAE04EC0-301F-11D3-BF4B-00C04F79EFBC}") = "TestDS18B20", "TestDS18B20\TestDS18B20.csproj", "{7A776A3A-7CAC-4D13-92FB-6AD2FA70D20D}"
EndProject
Global
	GlobalSection(SolutionConfigurationPlatforms) = preSolution
		Debug|Any CPU = Debug|Any CPU
		Release|Any CPU = Release|Any CPU
	EndGlobalSection
	GlobalSection(ProjectConfigurationPlatforms) = postSolution
		{7A776A3A-7CAC-4D13-92FB-6AD2FA70D20D}.Debug|Any CPU.ActiveCfg = Debug|Any CPU
		{7A776A3A-7CAC-4D13-92FB-6AD2FA70D20D}.Debug|Any CPU.Build.0 = Debug|Any CPU
		{7A776A3A-7CAC-4D13-92FB-6AD2FA70D20D}.Release|Any CPU.ActiveCfg = Release|Any CPU
		{7A776A3A-7CAC-4D13-92FB-6AD2FA70D20D}.Release|Any CPU.Build.0 = Release|Any CPU
	EndGlobalSection
	GlobalSection(SolutionProperties) = preSolution
		HideSolutionNode = FALSE
	EndGlobalSection
	GlobalSection(ExtensibilityGlobals) = postSolution
		SolutionGuid = {723C1D32-ED45-4BB3-8B05-712018E7F638}
	EndGlobalSection
EndGlobal
